
Microsoft Visual Studio Solution File, Format Version 12.00
# Visual Studio Version 17
VisualStudioVersion = 17.14.36915.13 d17.14
MinimumVisualStudioVersion = 10.0.40219.1
Project("{FAE04EC0-301F-11D3-BF4B-00C04F79EFBC}") = "OOP_Assignment2_Part2", "OOP_Assignment2_Part2\OOP_Assignment2_Part2.csproj", "{C0BF0A4A-331F-44E3-AEA7-064EA6AF119E}"
EndProject
Global
	GlobalSection(SolutionConfigurationPlatforms) = preSolution
		Debug|Any CPU = Debug|Any CPU
		Release|Any CPU = Release|Any CPU
	EndGlobalSection
	GlobalSection(ProjectConfigurationPlatforms) = postSolution
		{C0BF0A4A-331F-44E3-AEA7-064EA6AF119E}.Debug|Any CPU.ActiveCfg = Debug|Any CPU
		{C0BF0A4A-331F-44E3-AEA7-064EA6AF119E}.Debug|Any CPU.Build.0 = Debug|Any CPU
		{C0BF0A4A-331F-44E3-AEA7-064EA6AF119E}.Release|Any CPU.ActiveCfg = Release|Any CPU
		{C0BF0A4A-331F-44E3-AEA7-064EA6AF119E}.Release|Any CPU.Build.0 = Release|Any CPU
	EndGlobalSection
	GlobalSection(SolutionProperties) = preSolution
		HideSolutionNode = FALSE
	EndGlobalSection
	GlobalSection(ExtensibilityGlobals) = postSolution
		SolutionGuid = {AAA7F657-C012-4688-97FE-81685CDDFED6}
	EndGlobalSection
EndGlobal
